Microsoft Visual Studio Solution File, Format Version 12.00
# Visual Studio Version 17
VisualStudioVersion = 17.5.2.0
MinimumVisualStudioVersion = 10.0.40219.1
Project("{FAE04EC0-301F-11D3-BF4B-00C04F79EFBC}") = "FirstMVC", "FirstMVC\FirstMVC.csproj", "{3AF77A55-0257-0222-397F-776A37B211B1}"
EndProject
Global
	GlobalSection(SolutionConfigurationPlatforms) = preSolution
		Debug|Any CPU = Debug|Any CPU
		Release|Any CPU = Release|Any CPU
	EndGlobalSection
	GlobalSection(ProjectConfigurationPlatforms) = postSolution
		{3AF77A55-0257-0222-397F-776A37B211B1}.Debug|Any CPU.ActiveCfg = Debug|Any CPU
		{3AF77A55-0257-0222-397F-776A37B211B1}.Debug|Any CPU.Build.0 = Debug|Any CPU
		{3AF77A55-0257-0222-397F-776A37B211B1}.Release|Any CPU.ActiveCfg = Release|Any CPU
		{3AF77A55-0257-0222-397F-776A37B211B1}.Release|Any CPU.Build.0 = Release|Any CPU
	EndGlobalSection
	GlobalSection(SolutionProperties) = preSolution
		HideSolutionNode = FALSE
	EndGlobalSection
	GlobalSection(ExtensibilityGlobals) = postSolution
		SolutionGuid = {BE40C4FF-9A55-4685-B424-4AB6F969C038}
	EndGlobalSection
EndGlobal
